
Microsoft Visual Studio Solution File, Format Version 12.00
# Visual Studio Version 17
VisualStudioVersion = 17.3.32901.215
MinimumVisualStudioVersion = 10.0.40219.1
Project("{9A19103F-16F7-4668-BE54-9A1E7A4F7556}") = "QLNH", "Form1\QLNH.csproj", "{84A9EACA-2C21-4840-8D92-9D6FBA0B0D9E}"
EndProject
Global
	GlobalSection(SolutionConfigurationPlatforms) = preSolution
		Debug|Any CPU = Debug|Any CPU
		Release|Any CPU = Release|Any CPU
	EndGlobalSection
	GlobalSection(ProjectConfigurationPlatforms) = postSolution
		{84A9EACA-2C21-4840-8D92-9D6FBA0B0D9E}.Debug|Any CPU.ActiveCfg = Debug|Any CPU
		{84A9EACA-2C21-4840-8D92-9D6FBA0B0D9E}.Debug|Any CPU.Build.0 = Debug|Any CPU
		{84A9EACA-2C21-4840-8D92-9D6FBA0B0D9E}.Release|Any CPU.ActiveCfg = Release|Any CPU
		{84A9EACA-2C21-4840-8D92-9D6FBA0B0D9E}.Release|Any CPU.Build.0 = Release|Any CPU
	EndGlobalSection
	GlobalSection(SolutionProperties) = preSolution
		HideSolutionNode = FALSE
	EndGlobalSection
	GlobalSection(ExtensibilityGlobals) = postSolution
		SolutionGuid = {C6F16BA4-0FB6-46C2-B36B-9728BB77214A}
	EndGlobalSection
EndGlobal
